
Microsoft Visual Studio Solution File, Format Version 12.00
# Visual Studio Version 16
VisualStudioVersion = 16.0.33027.164
MinimumVisualStudioVersion = 10.0.40219.1
Project("{FAE04EC0-301F-11D3-BF4B-00C04F79EFBC}") = "CRUDAppServer", "CRUDAppServer\CRUDAppServer.csproj", "{B09B6440-E59C-4879-BAC8-9D20B04A710D}"
EndProject
Global
	GlobalSection(SolutionConfigurationPlatforms) = preSolution
		Debug|Any CPU = Debug|Any CPU
		Release|Any CPU = Release|Any CPU
	EndGlobalSection
	GlobalSection(ProjectConfigurationPlatforms) = postSolution
		{B09B6440-E59C-4879-BAC8-9D20B04A710D}.Debug|Any CPU.ActiveCfg = Debug|Any CPU
		{B09B6440-E59C-4879-BAC8-9D20B04A710D}.Debug|Any CPU.Build.0 = Debug|Any CPU
		{B09B6440-E59C-4879-BAC8-9D20B04A710D}.Release|Any CPU.ActiveCfg = Release|Any CPU
		{B09B6440-E59C-4879-BAC8-9D20B04A710D}.Release|Any CPU.Build.0 = Release|Any CPU
	EndGlobalSection
	GlobalSection(SolutionProperties) = preSolution
		HideSolutionNode = FALSE
	EndGlobalSection
	GlobalSection(ExtensibilityGlobals) = postSolution
		SolutionGuid = {0025D314-D511-4083-9563-108D229AE12E}
	EndGlobalSection
EndGlobal
